// !$*UTF8*$!
{
	archiveVersion = 1;
	classes = {
	};
	objectVersion = 56;
	objects = {

/* Begin PBXBuildFile section */
		441A83D1C21DB4BECBB7CEC7 /* Pods_Project_SakaMaka.framework in Frameworks */ = {isa = PBXBuildFile; fileRef = ED2D95E7182D7927D859FBC5 /* Pods_Project_SakaMaka.framework */; };
		9E3655F12BFF4EA500AF020A /* AddVoteViewModel.swift in Sources */ = {isa = PBXBuildFile; fileRef = 9E3655F02BFF4EA500AF020A /* AddVoteViewModel.swift */; };
		9E3655F42C047D4B00AF020A /* FeedCollectionViewCell.swift in Sources */ = {isa = PBXBuildFile; fileRef = 9E3655F32C047D4B00AF020A /* FeedCollectionViewCell.swift */; };
		9E3655F62C04820C00AF020A /* FeedViewModel.swift in Sources */ = {isa = PBXBuildFile; fileRef = 9E3655F52C04820C00AF020A /* FeedViewModel.swift */; };
		9E5879C82BF8E8CF00E55E19 /* AppleAuthService.swift in Sources */ = {isa = PBXBuildFile; fileRef = 9E5879C72BF8E8CF00E55E19 /* AppleAuthService.swift */; };
		9E5879CB2BF8ECA000E55E19 /* FireBaseService.swift in Sources */ = {isa = PBXBuildFile; fileRef = 9E5879CA2BF8ECA000E55E19 /* FireBaseService.swift */; };
		9E5BDD032BF9E3E5005FCFAC /* ServiceType.swift in Sources */ = {isa = PBXBuildFile; fileRef = 9E5BDD022BF9E3E5005FCFAC /* ServiceType.swift */; };
		9E5BDD0B2BF9F569005FCFAC /* GoogleService-Info.plist in Resources */ = {isa = PBXBuildFile; fileRef = 9E5BDD0A2BF9F569005FCFAC /* GoogleService-Info.plist */; };
		9E5BDD0D2BFB0429005FCFAC /* RegisterViewController.swift in Sources */ = {isa = PBXBuildFile; fileRef = 9E5BDD0C2BFB0429005FCFAC /* RegisterViewController.swift */; };
		9E5BDD1A2BFB18A2005FCFAC /* Pretendard-Bold.otf in Resources */ = {isa = PBXBuildFile; fileRef = 9E5BDD162BFB18A2005FCFAC /* Pretendard-Bold.otf */; };
		9E5BDD1B2BFB18A2005FCFAC /* Pretendard-Medium.otf in Resources */ = {isa = PBXBuildFile; fileRef = 9E5BDD172BFB18A2005FCFAC /* Pretendard-Medium.otf */; };
		9E5BDD1C2BFB18A2005FCFAC /* Pretendard-SemiBold.otf in Resources */ = {isa = PBXBuildFile; fileRef = 9E5BDD182BFB18A2005FCFAC /* Pretendard-SemiBold.otf */; };
		9E5BDD1D2BFB18A2005FCFAC /* Pretendard-Regular.otf in Resources */ = {isa = PBXBuildFile; fileRef = 9E5BDD192BFB18A2005FCFAC /* Pretendard-Regular.otf */; };
		9E5BDD222BFB4E65005FCFAC /* TabBarController.swift in Sources */ = {isa = PBXBuildFile; fileRef = 9E5BDD212BFB4E65005FCFAC /* TabBarController.swift */; };
		9E5BDD252BFB4FD8005FCFAC /* addShadow.swift in Sources */ = {isa = PBXBuildFile; fileRef = 9E5BDD242BFB4FD8005FCFAC /* addShadow.swift */; };
		9E5BDD2C2BFC661A005FCFAC /* User.swift in Sources */ = {isa = PBXBuildFile; fileRef = 9E5BDD2B2BFC661A005FCFAC /* User.swift */; };
		9E5BDD2E2BFC9FB8005FCFAC /* RegisterViewModel.swift in Sources */ = {isa = PBXBuildFile; fileRef = 9E5BDD2D2BFC9FB8005FCFAC /* RegisterViewModel.swift */; };
		9E5BDD312BFCCCED005FCFAC /* CustomAlertViewController.swift in Sources */ = {isa = PBXBuildFile; fileRef = 9E5BDD302BFCCCED005FCFAC /* CustomAlertViewController.swift */; };
		9E5BDD332BFCDA9A005FCFAC /* OnlyYesAlertViewController.swift in Sources */ = {isa = PBXBuildFile; fileRef = 9E5BDD322BFCDA9A005FCFAC /* OnlyYesAlertViewController.swift */; };
		9E5BDD362BFDF15C005FCFAC /* HomeViewController.swift in Sources */ = {isa = PBXBuildFile; fileRef = 9E5BDD352BFDF15C005FCFAC /* HomeViewController.swift */; };
		9E5BDD3A2BFDF7E2005FCFAC /* FeedViewController.swift in Sources */ = {isa = PBXBuildFile; fileRef = 9E5BDD392BFDF7E2005FCFAC /* FeedViewController.swift */; };
		9E5BDD422BFE0234005FCFAC /* FeedHeaderView.swift in Sources */ = {isa = PBXBuildFile; fileRef = 9E5BDD412BFE0234005FCFAC /* FeedHeaderView.swift */; };
		9E5BDD462BFE095F005FCFAC /* AddVoteViewController.swift in Sources */ = {isa = PBXBuildFile; fileRef = 9E5BDD452BFE095F005FCFAC /* AddVoteViewController.swift */; };
		9E5BDD482BFE0D1E005FCFAC /* AddVoteHeaderView.swift in Sources */ = {isa = PBXBuildFile; fileRef = 9E5BDD472BFE0D1E005FCFAC /* AddVoteHeaderView.swift */; };
		9E5BDD4B2BFE17CD005FCFAC /* AddVoteTitleView.swift in Sources */ = {isa = PBXBuildFile; fileRef = 9E5BDD4A2BFE17CD005FCFAC /* AddVoteTitleView.swift */; };
		9E5BDD4F2BFE2076005FCFAC /* AddVoteSelectImageView.swift in Sources */ = {isa = PBXBuildFile; fileRef = 9E5BDD4E2BFE2076005FCFAC /* AddVoteSelectImageView.swift */; };
		9E5BDD512BFE323E005FCFAC /* AddVotePriceView.swift in Sources */ = {isa = PBXBuildFile; fileRef = 9E5BDD502BFE323E005FCFAC /* AddVotePriceView.swift */; };
		9E5BDD532BFE35BD005FCFAC /* AddVoteLinkView.swift in Sources */ = {isa = PBXBuildFile; fileRef = 9E5BDD522BFE35BD005FCFAC /* AddVoteLinkView.swift */; };
		9E5BDD552BFE36FF005FCFAC /* AddVoteContentView.swift in Sources */ = {isa = PBXBuildFile; fileRef = 9E5BDD542BFE36FF005FCFAC /* AddVoteContentView.swift */; };
		9E7455BE2BF89D0000D519AD /* AppDelegate.swift in Sources */ = {isa = PBXBuildFile; fileRef = 9E7455BD2BF89D0000D519AD /* AppDelegate.swift */; };
		9E7455C02BF89D0000D519AD /* SceneDelegate.swift in Sources */ = {isa = PBXBuildFile; fileRef = 9E7455BF2BF89D0000D519AD /* SceneDelegate.swift */; };
		9E7455C22BF89D0000D519AD /* ViewController.swift in Sources */ = {isa = PBXBuildFile; fileRef = 9E7455C12BF89D0000D519AD /* ViewController.swift */; };
		9E7455C72BF89D0100D519AD /* Assets.xcassets in Resources */ = {isa = PBXBuildFile; fileRef = 9E7455C62BF89D0100D519AD /* Assets.xcassets */; };
		9E7455D22BF89DD700D519AD /* .gitignore in Resources */ = {isa = PBXBuildFile; fileRef = 9E7455D12BF89DD700D519AD /* .gitignore */; };
		9E7455D72BF89F0900D519AD /* BaseViewController.swift in Sources */ = {isa = PBXBuildFile; fileRef = 9E7455D62BF89F0900D519AD /* BaseViewController.swift */; };
		9E7455DA2BF8A05A00D519AD /* SplashViewController.swift in Sources */ = {isa = PBXBuildFile; fileRef = 9E7455D92BF8A05A00D519AD /* SplashViewController.swift */; };
		9E7455DF2BF8A18B00D519AD /* LoginViewController.swift in Sources */ = {isa = PBXBuildFile; fileRef = 9E7455DE2BF8A18B00D519AD /* LoginViewController.swift */; };
		9E7455E22BF8AA8400D519AD /* UIColor + Extension.swift in Sources */ = {isa = PBXBuildFile; fileRef = 9E7455E12BF8AA8400D519AD /* UIColor + Extension.swift */; };
		9E7455E62BF8AC6D00D519AD /* UIFont + Extension.swift in Sources */ = {isa = PBXBuildFile; fileRef = 9E7455E52BF8AC6D00D519AD /* UIFont + Extension.swift */; };
		9E7455EB2BF8CE6100D519AD /* LoginViewModel.swift in Sources */ = {isa = PBXBuildFile; fileRef = 9E7455EA2BF8CE6100D519AD /* LoginViewModel.swift */; };
/* End PBXBuildFile section */

/* Begin PBXFileReference section */
		9E3655F02BFF4EA500AF020A /* AddVoteViewModel.swift */ = {isa = PBXFileReference; lastKnownFileType = sourcecode.swift; path = AddVoteViewModel.swift; sourceTree = "<group>"; };
		9E3655F32C047D4B00AF020A /* FeedCollectionViewCell.swift */ = {isa = PBXFileReference; lastKnownFileType = sourcecode.swift; path = FeedCollectionViewCell.swift; sourceTree = "<group>"; };
		9E3655F52C04820C00AF020A /* FeedViewModel.swift */ = {isa = PBXFileReference; lastKnownFileType = sourcecode.swift; path = FeedViewModel.swift; sourceTree = "<group>"; };
		9E5879C42BF8DEE600E55E19 /* Project_SakaMaka.entitlements */ = {isa = PBXFileReference; lastKnownFileType = text.plist.entitlements; path = Project_SakaMaka.entitlements; sourceTree = "<group>"; };
		9E5879C72BF8E8CF00E55E19 /* AppleAuthService.swift */ = {isa = PBXFileReference; lastKnownFileType = sourcecode.swift; path = AppleAuthService.swift; sourceTree = "<group>"; };
		9E5879CA2BF8ECA000E55E19 /* FireBaseService.swift */ = {isa = PBXFileReference; lastKnownFileType = sourcecode.swift; path = FireBaseService.swift; sourceTree = "<group>"; };
		9E5BDD022BF9E3E5005FCFAC /* ServiceType.swift */ = {isa = PBXFileReference; lastKnownFileType = sourcecode.swift; path = ServiceType.swift; sourceTree = "<group>"; };
		9E5BDD0A2BF9F569005FCFAC /* GoogleService-Info.plist */ = {isa = PBXFileReference; fileEncoding = 4; lastKnownFileType = text.plist.xml; path = "GoogleService-Info.plist"; sourceTree = "<group>"; };
		9E5BDD0C2BFB0429005FCFAC /* RegisterViewController.swift */ = {isa = PBXFileReference; lastKnownFileType = sourcecode.swift; path = RegisterViewController.swift; sourceTree = "<group>"; };
		9E5BDD162BFB18A2005FCFAC /* Pretendard-Bold.otf */ = {isa = PBXFileReference; lastKnownFileType = file; path = "Pretendard-Bold.otf"; sourceTree = "<group>"; };
		9E5BDD172BFB18A2005FCFAC /* Pretendard-Medium.otf */ = {isa = PBXFileReference; lastKnownFileType = file; path = "Pretendard-Medium.otf"; sourceTree = "<group>"; };
		9E5BDD182BFB18A2005FCFAC /* Pretendard-SemiBold.otf */ = {isa = PBXFileReference; lastKnownFileType = file; path = "Pretendard-SemiBold.otf"; sourceTree = "<group>"; };
		9E5BDD192BFB18A2005FCFAC /* Pretendard-Regular.otf */ = {isa = PBXFileReference; lastKnownFileType = file; path = "Pretendard-Regular.otf"; sourceTree = "<group>"; };
		9E5BDD212BFB4E65005FCFAC /* TabBarController.swift */ = {isa = PBXFileReference; lastKnownFileType = sourcecode.swift; path = TabBarController.swift; sourceTree = "<group>"; };
		9E5BDD242BFB4FD8005FCFAC /* addShadow.swift */ = {isa = PBXFileReference; lastKnownFileType = sourcecode.swift; path = addShadow.swift; sourceTree = "<group>"; };
		9E5BDD2B2BFC661A005FCFAC /* User.swift */ = {isa = PBXFileReference; lastKnownFileType = sourcecode.swift; path = User.swift; sourceTree = "<group>"; };
		9E5BDD2D2BFC9FB8005FCFAC /* RegisterViewModel.swift */ = {isa = PBXFileReference; lastKnownFileType = sourcecode.swift; path = RegisterViewModel.swift; sourceTree = "<group>"; };
		9E5BDD302BFCCCED005FCFAC /* CustomAlertViewController.swift */ = {isa = PBXFileReference; lastKnownFileType = sourcecode.swift; path = CustomAlertViewController.swift; sourceTree = "<group>"; };
		9E5BDD322BFCDA9A005FCFAC /* OnlyYesAlertViewController.swift */ = {isa = PBXFileReference; lastKnownFileType = sourcecode.swift; path = OnlyYesAlertViewController.swift; sourceTree = "<group>"; };
		9E5BDD352BFDF15C005FCFAC /* HomeViewController.swift */ = {isa = PBXFileReference; lastKnownFileType = sourcecode.swift; path = HomeViewController.swift; sourceTree = "<group>"; };
		9E5BDD392BFDF7E2005FCFAC /* FeedViewController.swift */ = {isa = PBXFileReference; lastKnownFileType = sourcecode.swift; path = FeedViewController.swift; sourceTree = "<group>"; };
		9E5BDD412BFE0234005FCFAC /* FeedHeaderView.swift */ = {isa = PBXFileReference; lastKnownFileType = sourcecode.swift; path = FeedHeaderView.swift; sourceTree = "<group>"; };
		9E5BDD452BFE095F005FCFAC /* AddVoteViewController.swift */ = {isa = PBXFileReference; lastKnownFileType = sourcecode.swift; path = AddVoteViewController.swift; sourceTree = "<group>"; };
		9E5BDD472BFE0D1E005FCFAC /* AddVoteHeaderView.swift */ = {isa = PBXFileReference; lastKnownFileType = sourcecode.swift; path = AddVoteHeaderView.swift; sourceTree = "<group>"; };
		9E5BDD4A2BFE17CD005FCFAC /* AddVoteTitleView.swift */ = {isa = PBXFileReference; lastKnownFileType = sourcecode.swift; path = AddVoteTitleView.swift; sourceTree = "<group>"; };
		9E5BDD4E2BFE2076005FCFAC /* AddVoteSelectImageView.swift */ = {isa = PBXFileReference; lastKnownFileType = sourcecode.swift; path = AddVoteSelectImageView.swift; sourceTree = "<group>"; };
		9E5BDD502BFE323E005FCFAC /* AddVotePriceView.swift */ = {isa = PBXFileReference; lastKnownFileType = sourcecode.swift; path = AddVotePriceView.swift; sourceTree = "<group>"; };
		9E5BDD522BFE35BD005FCFAC /* AddVoteLinkView.swift */ = {isa = PBXFileReference; lastKnownFileType = sourcecode.swift; path = AddVoteLinkView.swift; sourceTree = "<group>"; };
		9E5BDD542BFE36FF005FCFAC /* AddVoteContentView.swift */ = {isa = PBXFileReference; lastKnownFileType = sourcecode.swift; path = AddVoteContentView.swift; sourceTree = "<group>"; };
		9E7455BA2BF89D0000D519AD /* Project_SakaMaka.app */ = {isa = PBXFileReference; explicitFileType = wrapper.application; includeInIndex = 0; path = Project_SakaMaka.app; sourceTree = BUILT_PRODUCTS_DIR; };
		9E7455BD2BF89D0000D519AD /* AppDelegate.swift */ = {isa = PBXFileReference; lastKnownFileType = sourcecode.swift; path = AppDelegate.swift; sourceTree = "<group>"; };
		9E7455BF2BF89D0000D519AD /* SceneDelegate.swift */ = {isa = PBXFileReference; lastKnownFileType = sourcecode.swift; path = SceneDelegate.swift; sourceTree = "<group>"; };
		9E7455C12BF89D0000D519AD /* ViewController.swift */ = {isa = PBXFileReference; lastKnownFileType = sourcecode.swift; path = ViewController.swift; sourceTree = "<group>"; };
		9E7455C62BF89D0100D519AD /* Assets.xcassets */ = {isa = PBXFileReference; lastKnownFileType = folder.assetcatalog; path = Assets.xcassets; sourceTree = "<group>"; };
		9E7455CB2BF89D0100D519AD /* Info.plist */ = {isa = PBXFileReference; lastKnownFileType = text.plist.xml; path = Info.plist; sourceTree = "<group>"; };
		9E7455D12BF89DD700D519AD /* .gitignore */ = {isa = PBXFileReference; lastKnownFileType = text; path = .gitignore; sourceTree = "<group>"; };
		9E7455D62BF89F0900D519AD /* BaseViewController.swift */ = {isa = PBXFileReference; lastKnownFileType = sourcecode.swift; path = BaseViewController.swift; sourceTree = "<group>"; };
		9E7455D92BF8A05A00D519AD /* SplashViewController.swift */ = {isa = PBXFileReference; lastKnownFileType = sourcecode.swift; path = SplashViewController.swift; sourceTree = "<group>"; };
		9E7455DE2BF8A18B00D519AD /* LoginViewController.swift */ = {isa = PBXFileReference; lastKnownFileType = sourcecode.swift; path = LoginViewController.swift; sourceTree = "<group>"; };
		9E7455E12BF8AA8400D519AD /* UIColor + Extension.swift */ = {isa = PBXFileReference; lastKnownFileType = sourcecode.swift; path = "UIColor + Extension.swift"; sourceTree = "<group>"; };
		9E7455E42BF8AC0700D519AD /* Roboto-Medium.ttf */ = {isa = PBXFileReference; lastKnownFileType = file; path = "Roboto-Medium.ttf"; sourceTree = "<group>"; };
		9E7455E52BF8AC6D00D519AD /* UIFont + Extension.swift */ = {isa = PBXFileReference; lastKnownFileType = sourcecode.swift; path = "UIFont + Extension.swift"; sourceTree = "<group>"; };
		9E7455EA2BF8CE6100D519AD /* LoginViewModel.swift */ = {isa = PBXFileReference; lastKnownFileType = sourcecode.swift; path = LoginViewModel.swift; sourceTree = "<group>"; };
		C12611E47E27819F2A19345D /* Pods-Project_SakaMaka.debug.xcconfig */ = {isa = PBXFileReference; includeInIndex = 1; lastKnownFileType = text.xcconfig; name = "Pods-Project_SakaMaka.debug.xcconfig"; path = "Target Support Files/Pods-Project_SakaMaka/Pods-Project_SakaMaka.debug.xcconfig"; sourceTree = "<group>"; };
		DBD4C8D96ACD58BAB179AE4A /* Pods-Project_SakaMaka.release.xcconfig */ = {isa = PBXFileReference; includeInIndex = 1; lastKnownFileType = text.xcconfig; name = "Pods-Project_SakaMaka.release.xcconfig"; path = "Target Support Files/Pods-Project_SakaMaka/Pods-Project_SakaMaka.release.xcconfig"; sourceTree = "<group>"; };
		ED2D95E7182D7927D859FBC5 /* Pods_Project_SakaMaka.framework */ = {isa = PBXFileReference; explicitFileType = wrapper.framework; includeInIndex = 0; path = Pods_Project_SakaMaka.framework; sourceTree = BUILT_PRODUCTS_DIR; };
/* End PBXFileReference section */

/* Begin PBXFrameworksBuildPhase section */
		9E7455B72BF89D0000D519AD /* Frameworks */ = {
			isa = PBXFrameworksBuildPhase;
			buildActionMask = 2147483647;
			files = (
				441A83D1C21DB4BECBB7CEC7 /* Pods_Project_SakaMaka.framework in Frameworks */,
			);
			runOnlyForDeploymentPostprocessing = 0;
		};
/* End PBXFrameworksBuildPhase section */

/* Begin PBXGroup section */
		8CC84FCA55E28B56826A2310 /* Pods */ = {
			isa = PBXGroup;
			children = (
				C12611E47E27819F2A19345D /* Pods-Project_SakaMaka.debug.xcconfig */,
				DBD4C8D96ACD58BAB179AE4A /* Pods-Project_SakaMaka.release.xcconfig */,
			);
			path = Pods;
			sourceTree = "<group>";
		};
		9E3655EF2BFF4E9800AF020A /* ViewModel */ = {
			isa = PBXGroup;
			children = (
				9E3655F02BFF4EA500AF020A /* AddVoteViewModel.swift */,
			);
			path = ViewModel;
			sourceTree = "<group>";
		};
		9E3655F22C047A6500AF020A /* Cell */ = {
			isa = PBXGroup;
			children = (
				9E3655F32C047D4B00AF020A /* FeedCollectionViewCell.swift */,
			);
			path = Cell;
			sourceTree = "<group>";
		};
		9E5879C92BF8EC9600E55E19 /* FireBase */ = {
			isa = PBXGroup;
			children = (
				9E5879CA2BF8ECA000E55E19 /* FireBaseService.swift */,
			);
			path = FireBase;
			sourceTree = "<group>";
		};
		9E5BDD0E2BFB0451005FCFAC /* ViewController */ = {
			isa = PBXGroup;
			children = (
				9E5BDD0C2BFB0429005FCFAC /* RegisterViewController.swift */,
			);
			path = ViewController;
			sourceTree = "<group>";
		};
		9E5BDD0F2BFB0459005FCFAC /* ViewModel */ = {
			isa = PBXGroup;
			children = (
				9E5BDD2D2BFC9FB8005FCFAC /* RegisterViewModel.swift */,
			);
			path = ViewModel;
			sourceTree = "<group>";
		};
		9E5BDD1E2BFB4E37005FCFAC /* TabBar */ = {
			isa = PBXGroup;
			children = (
				9E5BDD212BFB4E65005FCFAC /* TabBarController.swift */,
			);
			path = TabBar;
			sourceTree = "<group>";
		};
		9E5BDD232BFB4F99005FCFAC /* Utils */ = {
			isa = PBXGroup;
			children = (
				9E5BDD242BFB4FD8005FCFAC /* addShadow.swift */,
			);
			path = Utils;
			sourceTree = "<group>";
		};
		9E5BDD2A2BFC657C005FCFAC /* Model */ = {
			isa = PBXGroup;
			children = (
				9E5BDD2B2BFC661A005FCFAC /* User.swift */,
			);
			path = Model;
			sourceTree = "<group>";
		};
		9E5BDD2F2BFCCCD0005FCFAC /* Cumstom */ = {
			isa = PBXGroup;
			children = (
				9E5BDD302BFCCCED005FCFAC /* CustomAlertViewController.swift */,
				9E5BDD322BFCDA9A005FCFAC /* OnlyYesAlertViewController.swift */,
			);
			path = Cumstom;
			sourceTree = "<group>";
		};
		9E5BDD342BFDF151005FCFAC /* Home */ = {
			isa = PBXGroup;
			children = (
				9E5BDD352BFDF15C005FCFAC /* HomeViewController.swift */,
			);
			path = Home;
			sourceTree = "<group>";
		};
		9E5BDD372BFDF7D4005FCFAC /* Feed */ = {
			isa = PBXGroup;
			children = (
				9E3655F22C047A6500AF020A /* Cell */,
				9E5BDD382BFDF7DA005FCFAC /* ViewController */,
				9E5BDD3B2BFDF817005FCFAC /* ViewModel */,
			);
			path = Feed;
			sourceTree = "<group>";
		};
		9E5BDD382BFDF7DA005FCFAC /* ViewController */ = {
			isa = PBXGroup;
			children = (
				9E5BDD392BFDF7E2005FCFAC /* FeedViewController.swift */,
			);
			path = ViewController;
			sourceTree = "<group>";
		};
		9E5BDD3B2BFDF817005FCFAC /* ViewModel */ = {
			isa = PBXGroup;
			children = (
				9E3655F52C04820C00AF020A /* FeedViewModel.swift */,
			);
			path = ViewModel;
			sourceTree = "<group>";
		};
		9E5BDD402BFE0224005FCFAC /* HeaderView */ = {
			isa = PBXGroup;
			children = (
				9E5BDD412BFE0234005FCFAC /* FeedHeaderView.swift */,
				9E5BDD472BFE0D1E005FCFAC /* AddVoteHeaderView.swift */,
			);
			path = HeaderView;
			sourceTree = "<group>";
		};
		9E5BDD432BFE0947005FCFAC /* AddVote */ = {
			isa = PBXGroup;
			children = (
				9E5BDD442BFE0950005FCFAC /* ViewController */,
				9E5BDD492BFE17AD005FCFAC /* Components */,
				9E3655EF2BFF4E9800AF020A /* ViewModel */,
			);
			path = AddVote;
			sourceTree = "<group>";
		};
		9E5BDD442BFE0950005FCFAC /* ViewController */ = {
			isa = PBXGroup;
			children = (
				9E5BDD452BFE095F005FCFAC /* AddVoteViewController.swift */,
			);
			path = ViewController;
			sourceTree = "<group>";
		};
		9E5BDD492BFE17AD005FCFAC /* Components */ = {
			isa = PBXGroup;
			children = (
				9E5BDD4A2BFE17CD005FCFAC /* AddVoteTitleView.swift */,
				9E5BDD4E2BFE2076005FCFAC /* AddVoteSelectImageView.swift */,
				9E5BDD502BFE323E005FCFAC /* AddVotePriceView.swift */,
				9E5BDD522BFE35BD005FCFAC /* AddVoteLinkView.swift */,
				9E5BDD542BFE36FF005FCFAC /* AddVoteContentView.swift */,
			);
			path = Components;
			sourceTree = "<group>";
		};
		9E7455B12BF89D0000D519AD = {
			isa = PBXGroup;
			children = (
				9E7455D12BF89DD700D519AD /* .gitignore */,
				9E7455BC2BF89D0000D519AD /* Project_SakaMaka */,
				9E7455BB2BF89D0000D519AD /* Products */,
				8CC84FCA55E28B56826A2310 /* Pods */,
				D493147200B50EB05B8FBA4F /* Frameworks */,
			);
			sourceTree = "<group>";
		};
		9E7455BB2BF89D0000D519AD /* Products */ = {
			isa = PBXGroup;
			children = (
				9E7455BA2BF89D0000D519AD /* Project_SakaMaka.app */,
			);
			name = Products;
			sourceTree = "<group>";
		};
		9E7455BC2BF89D0000D519AD /* Project_SakaMaka */ = {
			isa = PBXGroup;
			children = (
				9E5879C42BF8DEE600E55E19 /* Project_SakaMaka.entitlements */,
				9E7455D32BF89EF500D519AD /* Configure */,
				9E7455D42BF89EFA00D519AD /* Source */,
				9E7455BD2BF89D0000D519AD /* AppDelegate.swift */,
				9E7455BF2BF89D0000D519AD /* SceneDelegate.swift */,
				9E7455C12BF89D0000D519AD /* ViewController.swift */,
				9E7455C62BF89D0100D519AD /* Assets.xcassets */,
				9E7455CB2BF89D0100D519AD /* Info.plist */,
				9E5BDD0A2BF9F569005FCFAC /* GoogleService-Info.plist */,
			);
			path = Project_SakaMaka;
			sourceTree = "<group>";
		};
		9E7455D32BF89EF500D519AD /* Configure */ = {
			isa = PBXGroup;
			children = (
				9E5BDD402BFE0224005FCFAC /* HeaderView */,
				9E5BDD2F2BFCCCD0005FCFAC /* Cumstom */,
				9E5BDD232BFB4F99005FCFAC /* Utils */,
				9E7455EC2BF8D39500D519AD /* Services */,
				9E7455E32BF8ABDB00D519AD /* Fonts */,
				9E7455E02BF8AA7300D519AD /* Extension */,
				9E7455D52BF89F0200D519AD /* Base */,
			);
			path = Configure;
			sourceTree = "<group>";
		};
		9E7455D42BF89EFA00D519AD /* Source */ = {
			isa = PBXGroup;
			children = (
				9E5BDD2A2BFC657C005FCFAC /* Model */,
				9E7455D82BF8A04F00D519AD /* View */,
			);
			path = Source;
			sourceTree = "<group>";
		};
		9E7455D52BF89F0200D519AD /* Base */ = {
			isa = PBXGroup;
			children = (
				9E7455D62BF89F0900D519AD /* BaseViewController.swift */,
			);
			path = Base;
			sourceTree = "<group>";
		};
		9E7455D82BF8A04F00D519AD /* View */ = {
			isa = PBXGroup;
			children = (
				9E5BDD1E2BFB4E37005FCFAC /* TabBar */,
				9E7455DB2BF8A0D000D519AD /* Splash */,
				9E7455DD2BF8A17700D519AD /* Login */,
				9E7455DC2BF8A0EC00D519AD /* Register */,
				9E5BDD342BFDF151005FCFAC /* Home */,
				9E5BDD372BFDF7D4005FCFAC /* Feed */,
				9E5BDD432BFE0947005FCFAC /* AddVote */,
			);
			path = View;
			sourceTree = "<group>";
		};
		9E7455DB2BF8A0D000D519AD /* Splash */ = {
			isa = PBXGroup;
			children = (
				9E7455E72BF8CDEA00D519AD /* ViewController */,
			);
			path = Splash;
			sourceTree = "<group>";
		};
		9E7455DC2BF8A0EC00D519AD /* Register */ = {
			isa = PBXGroup;
			children = (
				9E5BDD0E2BFB0451005FCFAC /* ViewController */,
				9E5BDD0F2BFB0459005FCFAC /* ViewModel */,
			);
			path = Register;
			sourceTree = "<group>";
		};
		9E7455DD2BF8A17700D519AD /* Login */ = {
			isa = PBXGroup;
			children = (
				9E7455E82BF8CDEF00D519AD /* ViewController */,
				9E7455E92BF8CE5400D519AD /* ViewModel */,
			);
			path = Login;
			sourceTree = "<group>";
		};
		9E7455E02BF8AA7300D519AD /* Extension */ = {
			isa = PBXGroup;
			children = (
				9E7455E12BF8AA8400D519AD /* UIColor + Extension.swift */,
				9E7455E52BF8AC6D00D519AD /* UIFont + Extension.swift */,
			);
			path = Extension;
			sourceTree = "<group>";
		};
		9E7455E32BF8ABDB00D519AD /* Fonts */ = {
			isa = PBXGroup;
			children = (
				9E7455E42BF8AC0700D519AD /* Roboto-Medium.ttf */,
				9E5BDD162BFB18A2005FCFAC /* Pretendard-Bold.otf */,
				9E5BDD172BFB18A2005FCFAC /* Pretendard-Medium.otf */,
				9E5BDD192BFB18A2005FCFAC /* Pretendard-Regular.otf */,
				9E5BDD182BFB18A2005FCFAC /* Pretendard-SemiBold.otf */,
			);
			path = Fonts;
			sourceTree = "<group>";
		};
		9E7455E72BF8CDEA00D519AD /* ViewController */ = {
			isa = PBXGroup;
			children = (
				9E7455D92BF8A05A00D519AD /* SplashViewController.swift */,
			);
			path = ViewController;
			sourceTree = "<group>";
		};
		9E7455E82BF8CDEF00D519AD /* ViewController */ = {
			isa = PBXGroup;
			children = (
				9E7455DE2BF8A18B00D519AD /* LoginViewController.swift */,
			);
			path = ViewController;
			sourceTree = "<group>";
		};
		9E7455E92BF8CE5400D519AD /* ViewModel */ = {
			isa = PBXGroup;
			children = (
				9E7455EA2BF8CE6100D519AD /* LoginViewModel.swift */,
			);
			path = ViewModel;
			sourceTree = "<group>";
		};
		9E7455EC2BF8D39500D519AD /* Services */ = {
			isa = PBXGroup;
			children = (
				9E5879C92BF8EC9600E55E19 /* FireBase */,
				9E7455ED2BF8D3CC00D519AD /* Auth */,
				9E5BDD022BF9E3E5005FCFAC /* ServiceType.swift */,
			);
			path = Services;
			sourceTree = "<group>";
		};
		9E7455ED2BF8D3CC00D519AD /* Auth */ = {
			isa = PBXGroup;
			children = (
				9E5879C72BF8E8CF00E55E19 /* AppleAuthService.swift */,
			);
			path = Auth;
			sourceTree = "<group>";
		};
		D493147200B50EB05B8FBA4F /* Frameworks */ = {
			isa = PBXGroup;
			children = (
				ED2D95E7182D7927D859FBC5 /* Pods_Project_SakaMaka.framework */,
			);
			name = Frameworks;
			sourceTree = "<group>";
		};
/* End PBXGroup section */

/* Begin PBXNativeTarget section */
		9E7455B92BF89D0000D519AD /* Project_SakaMaka */ = {
			isa = PBXNativeTarget;
			buildConfigurationList = 9E7455CE2BF89D0100D519AD /* Build configuration list for PBXNativeTarget "Project_SakaMaka" */;
			buildPhases = (
				CBBA2FBF1B26CFD47A6F62F4 /* [CP] Check Pods Manifest.lock */,
				9E7455B62BF89D0000D519AD /* Sources */,
				9E7455B72BF89D0000D519AD /* Frameworks */,
				9E7455B82BF89D0000D519AD /* Resources */,
				4AA511020B2C0AFA63F1073A /* [CP] Embed Pods Frameworks */,
			);
			buildRules = (
			);
			dependencies = (
			);
			name = Project_SakaMaka;
			productName = Project_SakaMaka;
			productReference = 9E7455BA2BF89D0000D519AD /* Project_SakaMaka.app */;
			productType = "com.apple.product-type.application";
		};
/* End PBXNativeTarget section */

/* Begin PBXProject section */
		9E7455B22BF89D0000D519AD /* Project object */ = {
			isa = PBXProject;
			attributes = {
				BuildIndependentTargetsInParallel = 1;
				LastSwiftUpdateCheck = 1520;
				LastUpgradeCheck = 1520;
				TargetAttributes = {
					9E7455B92BF89D0000D519AD = {
						CreatedOnToolsVersion = 15.2;
					};
				};
			};
			buildConfigurationList = 9E7455B52BF89D0000D519AD /* Build configuration list for PBXProject "Project_SakaMaka" */;
			compatibilityVersion = "Xcode 14.0";
			developmentRegion = en;
			hasScannedForEncodings = 0;
			knownRegions = (
				en,
				Base,
			);
			mainGroup = 9E7455B12BF89D0000D519AD;
			productRefGroup = 9E7455BB2BF89D0000D519AD /* Products */;
			projectDirPath = "";
			projectRoot = "";
			targets = (
				9E7455B92BF89D0000D519AD /* Project_SakaMaka */,
			);
		};
/* End PBXProject section */

/* Begin PBXResourcesBuildPhase section */
		9E7455B82BF89D0000D519AD /* Resources */ = {
			isa = PBXResourcesBuildPhase;
			buildActionMask = 2147483647;
			files = (
				9E7455D22BF89DD700D519AD /* .gitignore in Resources */,
				9E5BDD1B2BFB18A2005FCFAC /* Pretendard-Medium.otf in Resources */,
				9E5BDD1A2BFB18A2005FCFAC /* Pretendard-Bold.otf in Resources */,
				9E5BDD1C2BFB18A2005FCFAC /* Pretendard-SemiBold.otf in Resources */,
				9E5BDD1D2BFB18A2005FCFAC /* Pretendard-Regular.otf in Resources */,
				9E7455C72BF89D0100D519AD /* Assets.xcassets in Resources */,
				9E5BDD0B2BF9F569005FCFAC /* GoogleService-Info.plist in Resources */,
			);
			runOnlyForDeploymentPostprocessing = 0;
		};
/* End PBXResourcesBuildPhase section */

/* Begin PBXShellScriptBuildPhase section */
		4AA511020B2C0AFA63F1073A /* [CP] Embed Pods Frameworks */ = {
			isa = PBXShellScriptBuildPhase;
			buildActionMask = 2147483647;
			files = (
			);
			inputFileListPaths = (
				"${PODS_ROOT}/Target Support Files/Pods-Project_SakaMaka/Pods-Project_SakaMaka-frameworks-${CONFIGURATION}-input-files.xcfilelist",
			);
			name = "[CP] Embed Pods Frameworks";
			outputFileListPaths = (
				"${PODS_ROOT}/Target Support Files/Pods-Project_SakaMaka/Pods-Project_SakaMaka-frameworks-${CONFIGURATION}-output-files.xcfilelist",
			);
			runOnlyForDeploymentPostprocessing = 0;
			shellPath = /bin/sh;
			shellScript = "\"${PODS_ROOT}/Target Support Files/Pods-Project_SakaMaka/Pods-Project_SakaMaka-frameworks.sh\"\n";
			showEnvVarsInLog = 0;
		};
		CBBA2FBF1B26CFD47A6F62F4 /* [CP] Check Pods Manifest.lock */ = {
			isa = PBXShellScriptBuildPhase;
			buildActionMask = 2147483647;
			files = (
			);
			inputFileListPaths = (
			);
			inputPaths = (
				"${PODS_PODFILE_DIR_PATH}/Podfile.lock",
				"${PODS_ROOT}/Manifest.lock",
			);
			name = "[CP] Check Pods Manifest.lock";
			outputFileListPaths = (
			);
			outputPaths = (
				"$(DERIVED_FILE_DIR)/Pods-Project_SakaMaka-checkManifestLockResult.txt",
			);
			runOnlyForDeploymentPostprocessing = 0;
			shellPath = /bin/sh;
			shellScript = "diff \"${PODS_PODFILE_DIR_PATH}/Podfile.lock\" \"${PODS_ROOT}/Manifest.lock\" > /dev/null\nif [ $? != 0 ] ; then\n    # print error to STDERR\n    echo \"error: The sandbox is not in sync with the Podfile.lock. Run 'pod install' or update your CocoaPods installation.\" >&2\n    exit 1\nfi\n# This output is used by Xcode 'outputs' to avoid re-running this script phase.\necho \"SUCCESS\" > \"${SCRIPT_OUTPUT_FILE_0}\"\n";
			showEnvVarsInLog = 0;
		};
/* End PBXShellScriptBuildPhase section */

/* Begin PBXSourcesBuildPhase section */
		9E7455B62BF89D0000D519AD /* Sources */ = {
			isa = PBXSourcesBuildPhase;
			buildActionMask = 2147483647;
			files = (
				9E5BDD3A2BFDF7E2005FCFAC /* FeedViewController.swift in Sources */,
				9E5879CB2BF8ECA000E55E19 /* FireBaseService.swift in Sources */,
				9E7455E62BF8AC6D00D519AD /* UIFont + Extension.swift in Sources */,
				9E5879C82BF8E8CF00E55E19 /* AppleAuthService.swift in Sources */,
				9E5BDD222BFB4E65005FCFAC /* TabBarController.swift in Sources */,
				9E5BDD482BFE0D1E005FCFAC /* AddVoteHeaderView.swift in Sources */,
				9E7455E22BF8AA8400D519AD /* UIColor + Extension.swift in Sources */,
				9E7455DF2BF8A18B00D519AD /* LoginViewController.swift in Sources */,
				9E5BDD362BFDF15C005FCFAC /* HomeViewController.swift in Sources */,
				9E7455C22BF89D0000D519AD /* ViewController.swift in Sources */,
				9E5BDD462BFE095F005FCFAC /* AddVoteViewController.swift in Sources */,
				9E7455D72BF89F0900D519AD /* BaseViewController.swift in Sources */,
				9E5BDD4F2BFE2076005FCFAC /* AddVoteSelectImageView.swift in Sources */,
				9E7455BE2BF89D0000D519AD /* AppDelegate.swift in Sources */,
				9E3655F62C04820C00AF020A /* FeedViewModel.swift in Sources */,
				9E5BDD2E2BFC9FB8005FCFAC /* RegisterViewModel.swift in Sources */,
				9E5BDD252BFB4FD8005FCFAC /* addShadow.swift in Sources */,
				9E5BDD532BFE35BD005FCFAC /* AddVoteLinkView.swift in Sources */,
				9E5BDD422BFE0234005FCFAC /* FeedHeaderView.swift in Sources */,
				9E7455C02BF89D0000D519AD /* SceneDelegate.swift in Sources */,
				9E7455DA2BF8A05A00D519AD /* SplashViewController.swift in Sources */,
				9E5BDD0D2BFB0429005FCFAC /* RegisterViewController.swift in Sources */,
				9E5BDD4B2BFE17CD005FCFAC /* AddVoteTitleView.swift in Sources */,
				9E5BDD512BFE323E005FCFAC /* AddVotePriceView.swift in Sources */,
				9E5BDD312BFCCCED005FCFAC /* CustomAlertViewController.swift in Sources */,
				9E3655F12BFF4EA500AF020A /* AddVoteViewModel.swift in Sources */,
				9E5BDD332BFCDA9A005FCFAC /* OnlyYesAlertViewController.swift in Sources */,
				9E7455EB2BF8CE6100D519AD /* LoginViewModel.swift in Sources */,
				9E5BDD552BFE36FF005FCFAC /* AddVoteContentView.swift in Sources */,
				9E5BDD032BF9E3E5005FCFAC /* ServiceType.swift in Sources */,
				9E3655F42C047D4B00AF020A /* FeedCollectionViewCell.swift in Sources */,
				9E5BDD2C2BFC661A005FCFAC /* User.swift in Sources */,
			);
			runOnlyForDeploymentPostprocessing = 0;
		};
/* End PBXSourcesBuildPhase section */

/* Begin XCBuildConfiguration section */
		9E7455CC2BF89D0100D519AD /* Debug */ = {
			isa = XCBuildConfiguration;
			buildSettings = {
				ALWAYS_SEARCH_USER_PATHS = NO;
				ASSETCATALOG_COMPILER_GENERATE_SWIFT_ASSET_SYMBOL_EXTENSIONS = YES;
				CLANG_ANALYZER_NONNULL = YES;
				CLANG_ANALYZER_NUMBER_OBJECT_CONVERSION = YES_AGGRESSIVE;
				CLANG_CXX_LANGUAGE_STANDARD = "gnu++20";
				CLANG_ENABLE_MODULES = YES;
				CLANG_ENABLE_OBJC_ARC = YES;
				CLANG_ENABLE_OBJC_WEAK = YES;
				CLANG_WARN_BLOCK_CAPTURE_AUTORELEASING = YES;
				CLANG_WARN_BOOL_CONVERSION = YES;
				CLANG_WARN_COMMA = YES;
				CLANG_WARN_CONSTANT_CONVERSION = YES;
				CLANG_WARN_DEPRECATED_OBJC_IMPLEMENTATIONS = YES;
				CLANG_WARN_DIRECT_OBJC_ISA_USAGE = YES_ERROR;
				CLANG_WARN_DOCUMENTATION_COMMENTS = YES;
				CLANG_WARN_EMPTY_BODY = YES;
				CLANG_WARN_ENUM_CONVERSION = YES;
				CLANG_WARN_INFINITE_RECURSION = YES;
				CLANG_WARN_INT_CONVERSION = YES;
				CLANG_WARN_NON_LITERAL_NULL_CONVERSION = YES;
				CLANG_WARN_OBJC_IMPLICIT_RETAIN_SELF = YES;
				CLANG_WARN_OBJC_LITERAL_CONVERSION = YES;
				CLANG_WARN_OBJC_ROOT_CLASS = YES_ERROR;
				CLANG_WARN_QUOTED_INCLUDE_IN_FRAMEWORK_HEADER = YES;
				CLANG_WARN_RANGE_LOOP_ANALYSIS = YES;
				CLANG_WARN_STRICT_PROTOTYPES = YES;
				CLANG_WARN_SUSPICIOUS_MOVE = YES;
				CLANG_WARN_UNGUARDED_AVAILABILITY = YES_AGGRESSIVE;
				CLANG_WARN_UNREACHABLE_CODE = YES;
				CLANG_WARN__DUPLICATE_METHOD_MATCH = YES;
				COPY_PHASE_STRIP = NO;
				DEBUG_INFORMATION_FORMAT = dwarf;
				ENABLE_STRICT_OBJC_MSGSEND = YES;
				ENABLE_TESTABILITY = YES;
				ENABLE_USER_SCRIPT_SANDBOXING = NO;
				GCC_C_LANGUAGE_STANDARD = gnu17;
				GCC_DYNAMIC_NO_PIC = NO;
				GCC_NO_COMMON_BLOCKS = YES;
				GCC_OPTIMIZATION_LEVEL = 0;
				GCC_PREPROCESSOR_DEFINITIONS = (
					"DEBUG=1",
					"$(inherited)",
				);
				GCC_WARN_64_TO_32_BIT_CONVERSION = YES;
				GCC_WARN_ABOUT_RETURN_TYPE = YES_ERROR;
				GCC_WARN_UNDECLARED_SELECTOR = YES;
				GCC_WARN_UNINITIALIZED_AUTOS = YES_AGGRESSIVE;
				GCC_WARN_UNUSED_FUNCTION = YES;
				GCC_WARN_UNUSED_VARIABLE = YES;
				IPHONEOS_DEPLOYMENT_TARGET = 17.2;
				LOCALIZATION_PREFERS_STRING_CATALOGS = YES;
				MTL_ENABLE_DEBUG_INFO = INCLUDE_SOURCE;
				MTL_FAST_MATH = YES;
				ONLY_ACTIVE_ARCH = YES;
				SDKROOT = iphoneos;
				SWIFT_ACTIVE_COMPILATION_CONDITIONS = "DEBUG $(inherited)";
				SWIFT_OPTIMIZATION_LEVEL = "-Onone";
			};
			name = Debug;
		};
		9E7455CD2BF89D0100D519AD /* Release */ = {
			isa = XCBuildConfiguration;
			buildSettings = {
				ALWAYS_SEARCH_USER_PATHS = NO;
				ASSETCATALOG_COMPILER_GENERATE_SWIFT_ASSET_SYMBOL_EXTENSIONS = YES;
				CLANG_ANALYZER_NONNULL = YES;
				CLANG_ANALYZER_NUMBER_OBJECT_CONVERSION = YES_AGGRESSIVE;
				CLANG_CXX_LANGUAGE_STANDARD = "gnu++20";
				CLANG_ENABLE_MODULES = YES;
				CLANG_ENABLE_OBJC_ARC = YES;
				CLANG_ENABLE_OBJC_WEAK = YES;
				CLANG_WARN_BLOCK_CAPTURE_AUTORELEASING = YES;
				CLANG_WARN_BOOL_CONVERSION = YES;
				CLANG_WARN_COMMA = YES;
				CLANG_WARN_CONSTANT_CONVERSION = YES;
				CLANG_WARN_DEPRECATED_OBJC_IMPLEMENTATIONS = YES;
				CLANG_WARN_DIRECT_OBJC_ISA_USAGE = YES_ERROR;
				CLANG_WARN_DOCUMENTATION_COMMENTS = YES;
				CLANG_WARN_EMPTY_BODY = YES;
				CLANG_WARN_ENUM_CONVERSION = YES;
				CLANG_WARN_INFINITE_RECURSION = YES;
				CLANG_WARN_INT_CONVERSION = YES;
				CLANG_WARN_NON_LITERAL_NULL_CONVERSION = YES;
				CLANG_WARN_OBJC_IMPLICIT_RETAIN_SELF = YES;
				CLANG_WARN_OBJC_LITERAL_CONVERSION = YES;
				CLANG_WARN_OBJC_ROOT_CLASS = YES_ERROR;
				CLANG_WARN_QUOTED_INCLUDE_IN_FRAMEWORK_HEADER = YES;
				CLANG_WARN_RANGE_LOOP_ANALYSIS = YES;
				CLANG_WARN_STRICT_PROTOTYPES = YES;
				CLANG_WARN_SUSPICIOUS_MOVE = YES;
				CLANG_WARN_UNGUARDED_AVAILABILITY = YES_AGGRESSIVE;
				CLANG_WARN_UNREACHABLE_CODE = YES;
				CLANG_WARN__DUPLICATE_METHOD_MATCH = YES;
				COPY_PHASE_STRIP = NO;
				DEBUG_INFORMATION_FORMAT = "dwarf-with-dsym";
				ENABLE_NS_ASSERTIONS = NO;
				ENABLE_STRICT_OBJC_MSGSEND = YES;
				ENABLE_USER_SCRIPT_SANDBOXING = NO;
				GCC_C_LANGUAGE_STANDARD = gnu17;
				GCC_NO_COMMON_BLOCKS = YES;
				GCC_WARN_64_TO_32_BIT_CONVERSION = YES;
				GCC_WARN_ABOUT_RETURN_TYPE = YES_ERROR;
				GCC_WARN_UNDECLARED_SELECTOR = YES;
				GCC_WARN_UNINITIALIZED_AUTOS = YES_AGGRESSIVE;
				GCC_WARN_UNUSED_FUNCTION = YES;
				GCC_WARN_UNUSED_VARIABLE = YES;
				IPHONEOS_DEPLOYMENT_TARGET = 17.2;
				LOCALIZATION_PREFERS_STRING_CATALOGS = YES;
				MTL_ENABLE_DEBUG_INFO = NO;
				MTL_FAST_MATH = YES;
				SDKROOT = iphoneos;
				SWIFT_COMPILATION_MODE = wholemodule;
				VALIDATE_PRODUCT = YES;
			};
			name = Release;
		};
		9E7455CF2BF89D0100D519AD /* Debug */ = {
			isa = XCBuildConfiguration;
			baseConfigurationReference = C12611E47E27819F2A19345D /* Pods-Project_SakaMaka.debug.xcconfig */;
			buildSettings = {
				ASSETCATALOG_COMPILER_APPICON_NAME = AppIcon;
				ASSETCATALOG_COMPILER_GLOBAL_ACCENT_COLOR_NAME = AccentColor;
				CODE_SIGN_ENTITLEMENTS = Project_SakaMaka/Project_SakaMaka.entitlements;
				CODE_SIGN_STYLE = Automatic;
				CURRENT_PROJECT_VERSION = 1;
				DEVELOPMENT_TEAM = X67DB976UU;
				GENERATE_INFOPLIST_FILE = YES;
				INFOPLIST_FILE = Project_SakaMaka/Info.plist;
				INFOPLIST_KEY_UIApplicationSupportsIndirectInputEvents = YES;
				INFOPLIST_KEY_UILaunchStoryboardName = LaunchScreen;
				INFOPLIST_KEY_UISupportedInterfaceOrientations_iPad = "UIInterfaceOrientationPortrait UIInterfaceOrientationPortraitUpsideDown UIInterfaceOrientationLandscapeLeft UIInterfaceOrientationLandscapeRight";
				INFOPLIST_KEY_UISupportedInterfaceOrientations_iPhone = "UIInterfaceOrientationPortrait UIInterfaceOrientationLandscapeLeft UIInterfaceOrientationLandscapeRight";
				IPHONEOS_DEPLOYMENT_TARGET = 14.0;
				LD_RUNPATH_SEARCH_PATHS = (
					"$(inherited)",
					"@executable_path/Frameworks",
				);
				MARKETING_VERSION = 1.0;
				PRODUCT_BUNDLE_IDENTIFIER = "yeo.Project-SakaMaka";
				PRODUCT_NAME = "$(TARGET_NAME)";
				SUPPORTED_PLATFORMS = "iphoneos iphonesimulator";
				SUPPORTS_MACCATALYST = NO;
				SUPPORTS_MAC_DESIGNED_FOR_IPHONE_IPAD = NO;
				SUPPORTS_XR_DESIGNED_FOR_IPHONE_IPAD = NO;
				SWIFT_EMIT_LOC_STRINGS = YES;
				SWIFT_VERSION = 5.0;
				TARGETED_DEVICE_FAMILY = 1;
			};
			name = Debug;
		};
		9E7455D02BF89D0100D519AD /* Release */ = {
			isa = XCBuildConfiguration;
			baseConfigurationReference = DBD4C8D96ACD58BAB179AE4A /* Pods-Project_SakaMaka.release.xcconfig */;
			buildSettings = {
				ASSETCATALOG_COMPILER_APPICON_NAME = AppIcon;
				ASSETCATALOG_COMPILER_GLOBAL_ACCENT_COLOR_NAME = AccentColor;
				CODE_SIGN_ENTITLEMENTS = Project_SakaMaka/Project_SakaMaka.entitlements;
				CODE_SIGN_STYLE = Automatic;
				CURRENT_PROJECT_VERSION = 1;
				DEVELOPMENT_TEAM = X67DB976UU;
				GENERATE_INFOPLIST_FILE = YES;
				INFOPLIST_FILE = Project_SakaMaka/Info.plist;
				INFOPLIST_KEY_UIApplicationSupportsIndirectInputEvents = YES;
				INFOPLIST_KEY_UILaunchStoryboardName = LaunchScreen;
				INFOPLIST_KEY_UISupportedInterfaceOrientations_iPad = "UIInterfaceOrientationPortrait UIInterfaceOrientationPortraitUpsideDown UIInterfaceOrientationLandscapeLeft UIInterfaceOrientationLandscapeRight";
				INFOPLIST_KEY_UISupportedInterfaceOrientations_iPhone = "UIInterfaceOrientationPortrait UIInterfaceOrientationLandscapeLeft UIInterfaceOrientationLandscapeRight";
				IPHONEOS_DEPLOYMENT_TARGET = 14.0;
				LD_RUNPATH_SEARCH_PATHS = (
					"$(inherited)",
					"@executable_path/Frameworks",
				);
				MARKETING_VERSION = 1.0;
				PRODUCT_BUNDLE_IDENTIFIER = "yeo.Project-SakaMaka";
				PRODUCT_NAME = "$(TARGET_NAME)";
				SUPPORTED_PLATFORMS = "iphoneos iphonesimulator";
				SUPPORTS_MACCATALYST = NO;
				SUPPORTS_MAC_DESIGNED_FOR_IPHONE_IPAD = NO;
				SUPPORTS_XR_DESIGNED_FOR_IPHONE_IPAD = NO;
				SWIFT_EMIT_LOC_STRINGS = YES;
				SWIFT_VERSION = 5.0;
				TARGETED_DEVICE_FAMILY = 1;
			};
			name = Release;
		};
/* End XCBuildConfiguration section */

/* Begin XCConfigurationList section */
		9E7455B52BF89D0000D519AD /* Build configuration list for PBXProject "Project_SakaMaka" */ = {
			isa = XCConfigurationList;
			buildConfigurations = (
				9E7455CC2BF89D0100D519AD /* Debug */,
				9E7455CD2BF89D0100D519AD /* Release */,
			);
			defaultConfigurationIsVisible = 0;
			defaultConfigurationName = Release;
		};
		9E7455CE2BF89D0100D519AD /* Build configuration list for PBXNativeTarget "Project_SakaMaka" */ = {
			isa = XCConfigurationList;
			buildConfigurations = (
				9E7455CF2BF89D0100D519AD /* Debug */,
				9E7455D02BF89D0100D519AD /* Release */,
			);
			defaultConfigurationIsVisible = 0;
			defaultConfigurationName = Release;
		};
/* End XCConfigurationList section */
	};
	rootObject = 9E7455B22BF89D0000D519AD /* Project object */;
}
